
Microsoft Visual Studio Solution File, Format Version 12.00
# Visual Studio Version 17
VisualStudioVersion = 17.5.002.0
MinimumVisualStudioVersion = 10.0.40219.1
Project("{9A19103F-16F7-4668-BE54-9A1E7A4F7556}") = "HighOrLow", "HighOrLow\HighOrLow.csproj", "{5C23EF3C-1315-4209-B783-6BDB2658F58E}"
EndProject
Project("{9A19103F-16F7-4668-BE54-9A1E7A4F7556}") = "myFirstConsole", "myFirstConsole\myFirstConsole.csproj", "{887E29CB-8F09-4D6D-BC8B-9E6D278F15DE}"
EndProject
Project("{9A19103F-16F7-4668-BE54-9A1E7A4F7556}") = "toDoList", "toDoList\toDoList.csproj", "{49177303-5DFF-4DF0-9E87-C6B7DA72872E}"
EndProject
Global
	GlobalSection(SolutionConfigurationPlatforms) = preSolution
		Debug|Any CPU = Debug|Any CPU
		Release|Any CPU = Release|Any CPU
	EndGlobalSection
	GlobalSection(ProjectConfigurationPlatforms) = postSolution
		{5C23EF3C-1315-4209-B783-6BDB2658F58E}.Debug|Any CPU.ActiveCfg = Debug|Any CPU
		{5C23EF3C-1315-4209-B783-6BDB2658F58E}.Debug|Any CPU.Build.0 = Debug|Any CPU
		{5C23EF3C-1315-4209-B783-6BDB2658F58E}.Release|Any CPU.ActiveCfg = Release|Any CPU
		{5C23EF3C-1315-4209-B783-6BDB2658F58E}.Release|Any CPU.Build.0 = Release|Any CPU
		{887E29CB-8F09-4D6D-BC8B-9E6D278F15DE}.Debug|Any CPU.ActiveCfg = Debug|Any CPU
		{887E29CB-8F09-4D6D-BC8B-9E6D278F15DE}.Debug|Any CPU.Build.0 = Debug|Any CPU
		{887E29CB-8F09-4D6D-BC8B-9E6D278F15DE}.Release|Any CPU.ActiveCfg = Release|Any CPU
		{887E29CB-8F09-4D6D-BC8B-9E6D278F15DE}.Release|Any CPU.Build.0 = Release|Any CPU
		{49177303-5DFF-4DF0-9E87-C6B7DA72872E}.Debug|Any CPU.ActiveCfg = Debug|Any CPU
		{49177303-5DFF-4DF0-9E87-C6B7DA72872E}.Debug|Any CPU.Build.0 = Debug|Any CPU
		{49177303-5DFF-4DF0-9E87-C6B7DA72872E}.Release|Any CPU.ActiveCfg = Release|Any CPU
		{49177303-5DFF-4DF0-9E87-C6B7DA72872E}.Release|Any CPU.Build.0 = Release|Any CPU
	EndGlobalSection
	GlobalSection(SolutionProperties) = preSolution
		HideSolutionNode = FALSE
	EndGlobalSection
	GlobalSection(ExtensibilityGlobals) = postSolution
		SolutionGuid = {7D5B7140-4D21-408A-AB4A-54953E055BC4}
	EndGlobalSection
EndGlobal
